// !$*UTF8*$!
{
	archiveVersion = 1;
	classes = {
	};
	objectVersion = 56;
	objects = {

/* Begin PBXBuildFile section */
		4508CA3B2AADDCDB0078B1C5 /* ItemInfoView.swift in Sources */ = {isa = PBXBuildFile; fileRef = 4508CA3A2AADDCDB0078B1C5 /* ItemInfoView.swift */; };
		452E19A42AA390BF00D1179F /* MapCameraAnimationView.swift in Sources */ = {isa = PBXBuildFile; fileRef = 452E19A32AA390BF00D1179F /* MapCameraAnimationView.swift */; };
		45424D132A9B4538003386A9 /* MapCameraView.swift in Sources */ = {isa = PBXBuildFile; fileRef = 45424D122A9B4538003386A9 /* MapCameraView.swift */; };
		455A5B052ABDB7400089F93C /* Routes in Resources */ = {isa = PBXBuildFile; fileRef = 455A5B042ABDB7400089F93C /* Routes */; };
		455A5B072ABDB98F0089F93C /* RouteView.swift in Sources */ = {isa = PBXBuildFile; fileRef = 455A5B062ABDB98F0089F93C /* RouteView.swift */; };
		455A5B0D2ABE0A210089F93C /* GeoJSONRouteView.swift in Sources */ = {isa = PBXBuildFile; fileRef = 455A5B0C2ABE0A210089F93C /* GeoJSONRouteView.swift */; };
		457DA37F2A8CECF100E4FF57 /* codeAlongWithMapKitforSwiftUIApp.swift in Sources */ = {isa = PBXBuildFile; fileRef = 457DA37E2A8CECF100E4FF57 /* codeAlongWithMapKitforSwiftUIApp.swift */; };
		457DA3812A8CECF100E4FF57 /* ContentView.swift in Sources */ = {isa = PBXBuildFile; fileRef = 457DA3802A8CECF100E4FF57 /* ContentView.swift */; };
		457DA3832A8CECF400E4FF57 /* Assets.xcassets in Resources */ = {isa = PBXBuildFile; fileRef = 457DA3822A8CECF400E4FF57 /* Assets.xcassets */; };
		457DA3862A8CECF400E4FF57 /* Preview Assets.xcassets in Resources */ = {isa = PBXBuildFile; fileRef = 457DA3852A8CECF400E4FF57 /* Preview Assets.xcassets */; };
		457DA38D2A8CFDFA00E4FF57 /* MapButtonView.swift in Sources */ = {isa = PBXBuildFile; fileRef = 457DA38C2A8CFDFA00E4FF57 /* MapButtonView.swift */; };
/* End PBXBuildFile section */

/* Begin PBXFileReference section */
		4508CA3A2AADDCDB0078B1C5 /* ItemInfoView.swift */ = {isa = PBXFileReference; lastKnownFileType = sourcecode.swift; path = ItemInfoView.swift; sourceTree = "<group>"; };
		452E19A32AA390BF00D1179F /* MapCameraAnimationView.swift */ = {isa = PBXFileReference; lastKnownFileType = sourcecode.swift; path = MapCameraAnimationView.swift; sourceTree = "<group>"; };
		45424D122A9B4538003386A9 /* MapCameraView.swift */ = {isa = PBXFileReference; lastKnownFileType = sourcecode.swift; path = MapCameraView.swift; sourceTree = "<group>"; };
		455A5B042ABDB7400089F93C /* Routes */ = {isa = PBXFileReference; lastKnownFileType = folder; path = Routes; sourceTree = "<group>"; };
		455A5B062ABDB98F0089F93C /* RouteView.swift */ = {isa = PBXFileReference; lastKnownFileType = sourcecode.swift; path = RouteView.swift; sourceTree = "<group>"; };
		455A5B0C2ABE0A210089F93C /* GeoJSONRouteView.swift */ = {isa = PBXFileReference; lastKnownFileType = sourcecode.swift; path = GeoJSONRouteView.swift; sourceTree = "<group>"; };
		457DA37B2A8CECF100E4FF57 /* codeAlongWithMapKitforSwiftUI.app */ = {isa = PBXFileReference; explicitFileType = wrapper.application; includeInIndex = 0; path = codeAlongWithMapKitforSwiftUI.app; sourceTree = BUILT_PRODUCTS_DIR; };
		457DA37E2A8CECF100E4FF57 /* codeAlongWithMapKitforSwiftUIApp.swift */ = {isa = PBXFileReference; lastKnownFileType = sourcecode.swift; path = codeAlongWithMapKitforSwiftUIApp.swift; sourceTree = "<group>"; };
		457DA3802A8CECF100E4FF57 /* ContentView.swift */ = {isa = PBXFileReference; lastKnownFileType = sourcecode.swift; path = ContentView.swift; sourceTree = "<group>"; };
		457DA3822A8CECF400E4FF57 /* Assets.xcassets */ = {isa = PBXFileReference; lastKnownFileType = folder.assetcatalog; path = Assets.xcassets; sourceTree = "<group>"; };
		457DA3852A8CECF400E4FF57 /* Preview Assets.xcassets */ = {isa = PBXFileReference; lastKnownFileType = folder.assetcatalog; path = "Preview Assets.xcassets"; sourceTree = "<group>"; };
		457DA38C2A8CFDFA00E4FF57 /* MapButtonView.swift */ = {isa = PBXFileReference; lastKnownFileType = sourcecode.swift; path = MapButtonView.swift; sourceTree = "<group>"; };
/* End PBXFileReference section */

/* Begin PBXFrameworksBuildPhase section */
		457DA3782A8CECF100E4FF57 /* Frameworks */ = {
			isa = PBXFrameworksBuildPhase;
			buildActionMask = 2147483647;
			files = (
			);
			runOnlyForDeploymentPostprocessing = 0;
		};
/* End PBXFrameworksBuildPhase section */

/* Begin PBXGroup section */
		457DA3722A8CECF100E4FF57 = {
			isa = PBXGroup;
			children = (
				457DA37D2A8CECF100E4FF57 /* codeAlongWithMapKitforSwiftUI */,
				457DA37C2A8CECF100E4FF57 /* Products */,
			);
			sourceTree = "<group>";
		};
		457DA37C2A8CECF100E4FF57 /* Products */ = {
			isa = PBXGroup;
			children = (
				457DA37B2A8CECF100E4FF57 /* codeAlongWithMapKitforSwiftUI.app */,
			);
			name = Products;
			sourceTree = "<group>";
		};
		457DA37D2A8CECF100E4FF57 /* codeAlongWithMapKitforSwiftUI */ = {
			isa = PBXGroup;
			children = (
				457DA37E2A8CECF100E4FF57 /* codeAlongWithMapKitforSwiftUIApp.swift */,
				457DA3802A8CECF100E4FF57 /* ContentView.swift */,
				455A5B062ABDB98F0089F93C /* RouteView.swift */,
				455A5B0C2ABE0A210089F93C /* GeoJSONRouteView.swift */,
				4508CA3A2AADDCDB0078B1C5 /* ItemInfoView.swift */,
				457DA38C2A8CFDFA00E4FF57 /* MapButtonView.swift */,
				45424D122A9B4538003386A9 /* MapCameraView.swift */,
				452E19A32AA390BF00D1179F /* MapCameraAnimationView.swift */,
				455A5B042ABDB7400089F93C /* Routes */,
				457DA3822A8CECF400E4FF57 /* Assets.xcassets */,
				457DA3842A8CECF400E4FF57 /* Preview Content */,
			);
			path = codeAlongWithMapKitforSwiftUI;
			sourceTree = "<group>";
		};
		457DA3842A8CECF400E4FF57 /* Preview Content */ = {
			isa = PBXGroup;
			children = (
				457DA3852A8CECF400E4FF57 /* Preview Assets.xcassets */,
			);
			path = "Preview Content";
			sourceTree = "<group>";
		};
/* End PBXGroup section */

/* Begin PBXNativeTarget section */
		457DA37A2A8CECF100E4FF57 /* codeAlongWithMapKitforSwiftUI */ = {
			isa = PBXNativeTarget;
			buildConfigurationList = 457DA3892A8CECF400E4FF57 /* Build configuration list for PBXNativeTarget "codeAlongWithMapKitforSwiftUI" */;
			buildPhases = (
				457DA3772A8CECF100E4FF57 /* Sources */,
				457DA3782A8CECF100E4FF57 /* Frameworks */,
				457DA3792A8CECF100E4FF57 /* Resources */,
			);
			buildRules = (
			);
			dependencies = (
			);
			name = codeAlongWithMapKitforSwiftUI;
			productName = codeAlongWithMapKitforSwiftUI;
			productReference = 457DA37B2A8CECF100E4FF57 /* codeAlongWithMapKitforSwiftUI.app */;
			productType = "com.apple.product-type.application";
		};
/* End PBXNativeTarget section */

/* Begin PBXProject section */
		457DA3732A8CECF100E4FF57 /* Project object */ = {
			isa = PBXProject;
			attributes = {
				BuildIndependentTargetsInParallel = 1;
				LastSwiftUpdateCheck = 1500;
				LastUpgradeCheck = 1500;
				TargetAttributes = {
					457DA37A2A8CECF100E4FF57 = {
						CreatedOnToolsVersion = 15.0;
					};
				};
			};
			buildConfigurationList = 457DA3762A8CECF100E4FF57 /* Build configuration list for PBXProject "codeAlongWithMapKitforSwiftUI" */;
			compatibilityVersion = "Xcode 14.0";
			developmentRegion = en;
			hasScannedForEncodings = 0;
			knownRegions = (
				en,
				Base,
			);
			mainGroup = 457DA3722A8CECF100E4FF57;
			productRefGroup = 457DA37C2A8CECF100E4FF57 /* Products */;
			projectDirPath = "";
			projectRoot = "";
			targets = (
				457DA37A2A8CECF100E4FF57 /* codeAlongWithMapKitforSwiftUI */,
			);
		};
/* End PBXProject section */

/* Begin PBXResourcesBuildPhase section */
		457DA3792A8CECF100E4FF57 /* Resources */ = {
			isa = PBXResourcesBuildPhase;
			buildActionMask = 2147483647;
			files = (
				455A5B052ABDB7400089F93C /* Routes in Resources */,
				457DA3862A8CECF400E4FF57 /* Preview Assets.xcassets in Resources */,
				457DA3832A8CECF400E4FF57 /* Assets.xcassets in Resources */,
			);
			runOnlyForDeploymentPostprocessing = 0;
		};
/* End PBXResourcesBuildPhase section */

/* Begin PBXSourcesBuildPhase section */
		457DA3772A8CECF100E4FF57 /* Sources */ = {
			isa = PBXSourcesBuildPhase;
			buildActionMask = 2147483647;
			files = (
				455A5B0D2ABE0A210089F93C /* GeoJSONRouteView.swift in Sources */,
				45424D132A9B4538003386A9 /* MapCameraView.swift in Sources */,
				455A5B072ABDB98F0089F93C /* RouteView.swift in Sources */,
				457DA3812A8CECF100E4FF57 /* ContentView.swift in Sources */,
				457DA37F2A8CECF100E4FF57 /* codeAlongWithMapKitforSwiftUIApp.swift in Sources */,
				452E19A42AA390BF00D1179F /* MapCameraAnimationView.swift in Sources */,
				457DA38D2A8CFDFA00E4FF57 /* MapButtonView.swift in Sources */,
				4508CA3B2AADDCDB0078B1C5 /* ItemInfoView.swift in Sources */,
			);
			runOnlyForDeploymentPostprocessing = 0;
		};
/* End PBXSourcesBuildPhase section */

/* Begin XCBuildConfiguration section */
		457DA3872A8CECF400E4FF57 /* Debug */ = {
			isa = XCBuildConfiguration;
			buildSettings = {
				ALWAYS_SEARCH_USER_PATHS = NO;
				ASSETCATALOG_COMPILER_GENERATE_SWIFT_ASSET_SYMBOL_EXTENSIONS = YES;
				CLANG_ANALYZER_NONNULL = YES;
				CLANG_ANALYZER_NUMBER_OBJECT_CONVERSION = YES_AGGRESSIVE;
				CLANG_CXX_LANGUAGE_STANDARD = "gnu++20";
				CLANG_ENABLE_MODULES = YES;
				CLANG_ENABLE_OBJC_ARC = YES;
				CLANG_ENABLE_OBJC_WEAK = YES;
				CLANG_WARN_BLOCK_CAPTURE_AUTORELEASING = YES;
				CLANG_WARN_BOOL_CONVERSION = YES;
				CLANG_WARN_COMMA = YES;
				CLANG_WARN_CONSTANT_CONVERSION = YES;
				CLANG_WARN_DEPRECATED_OBJC_IMPLEMENTATIONS = YES;
				CLANG_WARN_DIRECT_OBJC_ISA_USAGE = YES_ERROR;
				CLANG_WARN_DOCUMENTATION_COMMENTS = YES;
				CLANG_WARN_EMPTY_BODY = YES;
				CLANG_WARN_ENUM_CONVERSION = YES;
				CLANG_WARN_INFINITE_RECURSION = YES;
				CLANG_WARN_INT_CONVERSION = YES;
				CLANG_WARN_NON_LITERAL_NULL_CONVERSION = YES;
				CLANG_WARN_OBJC_IMPLICIT_RETAIN_SELF = YES;
				CLANG_WARN_OBJC_LITERAL_CONVERSION = YES;
				CLANG_WARN_OBJC_ROOT_CLASS = YES_ERROR;
				CLANG_WARN_QUOTED_INCLUDE_IN_FRAMEWORK_HEADER = YES;
				CLANG_WARN_RANGE_LOOP_ANALYSIS = YES;
				CLANG_WARN_STRICT_PROTOTYPES = YES;
				CLANG_WARN_SUSPICIOUS_MOVE = YES;
				CLANG_WARN_UNGUARDED_AVAILABILITY = YES_AGGRESSIVE;
				CLANG_WARN_UNREACHABLE_CODE = YES;
				CLANG_WARN__DUPLICATE_METHOD_MATCH = YES;
				COPY_PHASE_STRIP = NO;
				DEBUG_INFORMATION_FORMAT = dwarf;
				ENABLE_STRICT_OBJC_MSGSEND = YES;
				ENABLE_TESTABILITY = YES;
				ENABLE_USER_SCRIPT_SANDBOXING = YES;
				GCC_C_LANGUAGE_STANDARD = gnu17;
				GCC_DYNAMIC_NO_PIC = NO;
				GCC_NO_COMMON_BLOCKS = YES;
				GCC_OPTIMIZATION_LEVEL = 0;
				GCC_PREPROCESSOR_DEFINITIONS = (
					"DEBUG=1",
					"$(inherited)",
				);
				GCC_WARN_64_TO_32_BIT_CONVERSION = YES;
				GCC_WARN_ABOUT_RETURN_TYPE = YES_ERROR;
				GCC_WARN_UNDECLARED_SELECTOR = YES;
				GCC_WARN_UNINITIALIZED_AUTOS = YES_AGGRESSIVE;
				GCC_WARN_UNUSED_FUNCTION = YES;
				GCC_WARN_UNUSED_VARIABLE = YES;
				IPHONEOS_DEPLOYMENT_TARGET = 17.0;
				LOCALIZATION_PREFERS_STRING_CATALOGS = YES;
				MTL_ENABLE_DEBUG_INFO = INCLUDE_SOURCE;
				MTL_FAST_MATH = YES;
				ONLY_ACTIVE_ARCH = YES;
				SDKROOT = iphoneos;
				SWIFT_ACTIVE_COMPILATION_CONDITIONS = "DEBUG $(inherited)";
				SWIFT_OPTIMIZATION_LEVEL = "-Onone";
			};
			name = Debug;
		};
		457DA3882A8CECF400E4FF57 /* Release */ = {
			isa = XCBuildConfiguration;
			buildSettings = {
				ALWAYS_SEARCH_USER_PATHS = NO;
				ASSETCATALOG_COMPILER_GENERATE_SWIFT_ASSET_SYMBOL_EXTENSIONS = YES;
				CLANG_ANALYZER_NONNULL = YES;
				CLANG_ANALYZER_NUMBER_OBJECT_CONVERSION = YES_AGGRESSIVE;
				CLANG_CXX_LANGUAGE_STANDARD = "gnu++20";
				CLANG_ENABLE_MODULES = YES;
				CLANG_ENABLE_OBJC_ARC = YES;
				CLANG_ENABLE_OBJC_WEAK = YES;
				CLANG_WARN_BLOCK_CAPTURE_AUTORELEASING = YES;
				CLANG_WARN_BOOL_CONVERSION = YES;
				CLANG_WARN_COMMA = YES;
				CLANG_WARN_CONSTANT_CONVERSION = YES;
				CLANG_WARN_DEPRECATED_OBJC_IMPLEMENTATIONS = YES;
				CLANG_WARN_DIRECT_OBJC_ISA_USAGE = YES_ERROR;
				CLANG_WARN_DOCUMENTATION_COMMENTS = YES;
				CLANG_WARN_EMPTY_BODY = YES;
				CLANG_WARN_ENUM_CONVERSION = YES;
				CLANG_WARN_INFINITE_RECURSION = YES;
				CLANG_WARN_INT_CONVERSION = YES;
				CLANG_WARN_NON_LITERAL_NULL_CONVERSION = YES;
				CLANG_WARN_OBJC_IMPLICIT_RETAIN_SELF = YES;
				CLANG_WARN_OBJC_LITERAL_CONVERSION = YES;
				CLANG_WARN_OBJC_ROOT_CLASS = YES_ERROR;
				CLANG_WARN_QUOTED_INCLUDE_IN_FRAMEWORK_HEADER = YES;
				CLANG_WARN_RANGE_LOOP_ANALYSIS = YES;
				CLANG_WARN_STRICT_PROTOTYPES = YES;
				CLANG_WARN_SUSPICIOUS_MOVE = YES;
				CLANG_WARN_UNGUARDED_AVAILABILITY = YES_AGGRESSIVE;
				CLANG_WARN_UNREACHABLE_CODE = YES;
				CLANG_WARN__DUPLICATE_METHOD_MATCH = YES;
				COPY_PHASE_STRIP = NO;
				DEBUG_INFORMATION_FORMAT = "dwarf-with-dsym";
				ENABLE_NS_ASSERTIONS = NO;
				ENABLE_STRICT_OBJC_MSGSEND = YES;
				ENABLE_USER_SCRIPT_SANDBOXING = YES;
				GCC_C_LANGUAGE_STANDARD = gnu17;
				GCC_NO_COMMON_BLOCKS = YES;
				GCC_WARN_64_TO_32_BIT_CONVERSION = YES;
				GCC_WARN_ABOUT_RETURN_TYPE = YES_ERROR;
				GCC_WARN_UNDECLARED_SELECTOR = YES;
				GCC_WARN_UNINITIALIZED_AUTOS = YES_AGGRESSIVE;
				GCC_WARN_UNUSED_FUNCTION = YES;
				GCC_WARN_UNUSED_VARIABLE = YES;
				IPHONEOS_DEPLOYMENT_TARGET = 17.0;
				LOCALIZATION_PREFERS_STRING_CATALOGS = YES;
				MTL_ENABLE_DEBUG_INFO = NO;
				MTL_FAST_MATH = YES;
				SDKROOT = iphoneos;
				SWIFT_COMPILATION_MODE = wholemodule;
				VALIDATE_PRODUCT = YES;
			};
			name = Release;
		};
		457DA38A2A8CECF400E4FF57 /* Debug */ = {
			isa = XCBuildConfiguration;
			buildSettings = {
				ASSETCATALOG_COMPILER_APPICON_NAME = AppIcon;
				ASSETCATALOG_COMPILER_GLOBAL_ACCENT_COLOR_NAME = AccentColor;
				CODE_SIGN_STYLE = Automatic;
				CURRENT_PROJECT_VERSION = 1;
				DEVELOPMENT_ASSET_PATHS = "\"codeAlongWithMapKitforSwiftUI/Preview Content\"";
				DEVELOPMENT_TEAM = GGXD5E6AF8;
				ENABLE_PREVIEWS = YES;
				GENERATE_INFOPLIST_FILE = YES;
				INFOPLIST_KEY_UIApplicationSceneManifest_Generation = YES;
				INFOPLIST_KEY_UIApplicationSupportsIndirectInputEvents = YES;
				INFOPLIST_KEY_UILaunchScreen_Generation = YES;
				INFOPLIST_KEY_UISupportedInterfaceOrientations_iPad = "UIInterfaceOrientationPortrait UIInterfaceOrientationPortraitUpsideDown UIInterfaceOrientationLandscapeLeft UIInterfaceOrientationLandscapeRight";
				INFOPLIST_KEY_UISupportedInterfaceOrientations_iPhone = "UIInterfaceOrientationPortrait UIInterfaceOrientationLandscapeLeft UIInterfaceOrientationLandscapeRight";
				LD_RUNPATH_SEARCH_PATHS = (
					"$(inherited)",
					"@executable_path/Frameworks",
				);
				MARKETING_VERSION = 1.0;
				PRODUCT_BUNDLE_IDENTIFIER = laurentb.com.codeAlongWithMapKitforSwiftUI;
				PRODUCT_NAME = "$(TARGET_NAME)";
				SWIFT_EMIT_LOC_STRINGS = YES;
				SWIFT_VERSION = 5.0;
				TARGETED_DEVICE_FAMILY = "1,2";
			};
			name = Debug;
		};
		457DA38B2A8CECF400E4FF57 /* Release */ = {
			isa = XCBuildConfiguration;
			buildSettings = {
				ASSETCATALOG_COMPILER_APPICON_NAME = AppIcon;
				ASSETCATALOG_COMPILER_GLOBAL_ACCENT_COLOR_NAME = AccentColor;
				CODE_SIGN_STYLE = Automatic;
				CURRENT_PROJECT_VERSION = 1;
				DEVELOPMENT_ASSET_PATHS = "\"codeAlongWithMapKitforSwiftUI/Preview Content\"";
				DEVELOPMENT_TEAM = GGXD5E6AF8;
				ENABLE_PREVIEWS = YES;
				GENERATE_INFOPLIST_FILE = YES;
				INFOPLIST_KEY_UIApplicationSceneManifest_Generation = YES;
				INFOPLIST_KEY_UIApplicationSupportsIndirectInputEvents = YES;
				INFOPLIST_KEY_UILaunchScreen_Generation = YES;
				INFOPLIST_KEY_UISupportedInterfaceOrientations_iPad = "UIInterfaceOrientationPortrait UIInterfaceOrientationPortraitUpsideDown UIInterfaceOrientationLandscapeLeft UIInterfaceOrientationLandscapeRight";
				INFOPLIST_KEY_UISupportedInterfaceOrientations_iPhone = "UIInterfaceOrientationPortrait UIInterfaceOrientationLandscapeLeft UIInterfaceOrientationLandscapeRight";
				LD_RUNPATH_SEARCH_PATHS = (
					"$(inherited)",
					"@executable_path/Frameworks",
				);
				MARKETING_VERSION = 1.0;
				PRODUCT_BUNDLE_IDENTIFIER = laurentb.com.codeAlongWithMapKitforSwiftUI;
				PRODUCT_NAME = "$(TARGET_NAME)";
				SWIFT_EMIT_LOC_STRINGS = YES;
				SWIFT_VERSION = 5.0;
				TARGETED_DEVICE_FAMILY = "1,2";
			};
			name = Release;
		};
/* End XCBuildConfiguration section */

/* Begin XCConfigurationList section */
		457DA3762A8CECF100E4FF57 /* Build configuration list for PBXProject "codeAlongWithMapKitforSwiftUI" */ = {
			isa = XCConfigurationList;
			buildConfigurations = (
				457DA3872A8CECF400E4FF57 /* Debug */,
				457DA3882A8CECF400E4FF57 /* Release */,
			);
			defaultConfigurationIsVisible = 0;
			defaultConfigurationName = Release;
		};
		457DA3892A8CECF400E4FF57 /* Build configuration list for PBXNativeTarget "codeAlongWithMapKitforSwiftUI" */ = {
			isa = XCConfigurationList;
			buildConfigurations = (
				457DA38A2A8CECF400E4FF57 /* Debug */,
				457DA38B2A8CECF400E4FF57 /* Release */,
			);
			defaultConfigurationIsVisible = 0;
			defaultConfigurationName = Release;
		};
/* End XCConfigurationList section */
	};
	rootObject = 457DA3732A8CECF100E4FF57 /* Project object */;
}
